
Microsoft Visual Studio Solution File, Format Version 12.00
# Visual Studio Version 17
VisualStudioVersion = 17.6.33829.357
MinimumVisualStudioVersion = 10.0.40219.1
Project("{9A19103F-16F7-4668-BE54-9A1E7A4F7556}") = "EkoFactoring.Data", "EkoFactoring.Data\EkoFactoring.Data.csproj", "{6B8D2109-9287-4D45-85AA-7E4FE1661886}"
EndProject
Project("{9A19103F-16F7-4668-BE54-9A1E7A4F7556}") = "EkoFaktoring.Business", "EkoFaktoring.Business\EkoFaktoring.Business.csproj", "{62AEB734-022E-47CB-A7FF-08368A7931E6}"
EndProject
Project("{9A19103F-16F7-4668-BE54-9A1E7A4F7556}") = "EkoFaktoring.Entity", "EkoFaktoring.Entity\EkoFaktoring.Entity.csproj", "{0C54BE87-914B-4CBA-8813-F0334AF70288}"
EndProject
Project("{9A19103F-16F7-4668-BE54-9A1E7A4F7556}") = "EkoFaktoring.UI", "EkoFaktoring.UI\EkoFaktoring.UI.csproj", "{6E168494-D717-4109-802D-13BEE3239632}"
EndProject
Project("{9A19103F-16F7-4668-BE54-9A1E7A4F7556}") = "EkoFaktoring.Shared", "EkoFaktoring.Shared\EkoFaktoring.Shared.csproj", "{3637CB16-4303-4F98-942D-CC7FA52008D4}"
EndProject
Global
	GlobalSection(SolutionConfigurationPlatforms) = preSolution
		Debug|Any CPU = Debug|Any CPU
		Release|Any CPU = Release|Any CPU
	EndGlobalSection
	GlobalSection(ProjectConfigurationPlatforms) = postSolution
		{6B8D2109-9287-4D45-85AA-7E4FE1661886}.Debug|Any CPU.ActiveCfg = Debug|Any CPU
		{6B8D2109-9287-4D45-85AA-7E4FE1661886}.Debug|Any CPU.Build.0 = Debug|Any CPU
		{6B8D2109-9287-4D45-85AA-7E4FE1661886}.Release|Any CPU.ActiveCfg = Release|Any CPU
		{6B8D2109-9287-4D45-85AA-7E4FE1661886}.Release|Any CPU.Build.0 = Release|Any CPU
		{62AEB734-022E-47CB-A7FF-08368A7931E6}.Debug|Any CPU.ActiveCfg = Debug|Any CPU
		{62AEB734-022E-47CB-A7FF-08368A7931E6}.Debug|Any CPU.Build.0 = Debug|Any CPU
		{62AEB734-022E-47CB-A7FF-08368A7931E6}.Release|Any CPU.ActiveCfg = Release|Any CPU
		{62AEB734-022E-47CB-A7FF-08368A7931E6}.Release|Any CPU.Build.0 = Release|Any CPU
		{0C54BE87-914B-4CBA-8813-F0334AF70288}.Debug|Any CPU.ActiveCfg = Debug|Any CPU
		{0C54BE87-914B-4CBA-8813-F0334AF70288}.Debug|Any CPU.Build.0 = Debug|Any CPU
		{0C54BE87-914B-4CBA-8813-F0334AF70288}.Release|Any CPU.ActiveCfg = Release|Any CPU
		{0C54BE87-914B-4CBA-8813-F0334AF70288}.Release|Any CPU.Build.0 = Release|Any CPU
		{6E168494-D717-4109-802D-13BEE3239632}.Debug|Any CPU.ActiveCfg = Debug|Any CPU
		{6E168494-D717-4109-802D-13BEE3239632}.Debug|Any CPU.Build.0 = Debug|Any CPU
		{6E168494-D717-4109-802D-13BEE3239632}.Release|Any CPU.ActiveCfg = Release|Any CPU
		{6E168494-D717-4109-802D-13BEE3239632}.Release|Any CPU.Build.0 = Release|Any CPU
		{3637CB16-4303-4F98-942D-CC7FA52008D4}.Debug|Any CPU.ActiveCfg = Debug|Any CPU
		{3637CB16-4303-4F98-942D-CC7FA52008D4}.Debug|Any CPU.Build.0 = Debug|Any CPU
		{3637CB16-4303-4F98-942D-CC7FA52008D4}.Release|Any CPU.ActiveCfg = Release|Any CPU
		{3637CB16-4303-4F98-942D-CC7FA52008D4}.Release|Any CPU.Build.0 = Release|Any CPU
	EndGlobalSection
	GlobalSection(SolutionProperties) = preSolution
		HideSolutionNode = FALSE
	EndGlobalSection
	GlobalSection(ExtensibilityGlobals) = postSolution
		SolutionGuid = {8F6F90B3-9D9A-4828-8B73-487C3576FE96}
	EndGlobalSection
EndGlobal
